# THIS IS AN AUTOGENERATED FILE. DO NOT EDIT THIS FILE DIRECTLY.
# yarn lockfile v1


"@openapitools/openapi-generator-cli@1.0.13-4.3.1":
  version "1.0.13-4.3.1"
  resolved "https://registry.yarnpkg.com/@openapitools/openapi-generator-cli/-/openapi-generator-cli-1.0.13-4.3.1.tgz#3360698a6b34a33dd46eaf7cdf1a6a9027b1183f"
  integrity sha512-hUbSHCXak8vujMpTgH5dDACq0mynya37xgPFD3JbmnwRrPrgrZ4mr3+w7QZJ5aLMCIfb2j3s96d1sWaOZYZzxA==

nswag@13.5.0:
  version "13.5.0"
  resolved "https://registry.yarnpkg.com/nswag/-/nswag-13.5.0.tgz#efab8742ccb06e03deeb4ce27d4ee43e922fd16e"
  integrity sha512-2642zs5Qqt2TfmHH5WXVEUfeQzV3rc1+9BKdH4DhVfdRO/XqmR7FhhGKPcWC3DA9a8biC0cnzZz8hCCoz5RZUw==
